
Microsoft Visual Studio Solution File, Format Version 12.00
# Visual Studio Version 17
VisualStudioVersion = 17.9.34728.123
MinimumVisualStudioVersion = 10.0.40219.1
Project("{9A19103F-16F7-4668-BE54-9A1E7A4F7556}") = "STMLEditor", "STMLEditor.csproj", "{4A3E6957-AC2D-4D90-8788-0904CBAC6A2B}"
EndProject
Project("{9A19103F-16F7-4668-BE54-9A1E7A4F7556}") = "STML", "..\STML\STML.csproj", "{543F25BC-1B1F-4546-BFA9-695B02AC19AE}"
EndProject
Global
	GlobalSection(SolutionConfigurationPlatforms) = preSolution
		Debug|Any CPU = Debug|Any CPU
		Release|Any CPU = Release|Any CPU
	EndGlobalSection
	GlobalSection(ProjectConfigurationPlatforms) = postSolution
		{4A3E6957-AC2D-4D90-8788-0904CBAC6A2B}.Debug|Any CPU.ActiveCfg = Debug|Any CPU
		{4A3E6957-AC2D-4D90-8788-0904CBAC6A2B}.Debug|Any CPU.Build.0 = Debug|Any CPU
		{4A3E6957-AC2D-4D90-8788-0904CBAC6A2B}.Release|Any CPU.ActiveCfg = Release|Any CPU
		{4A3E6957-AC2D-4D90-8788-0904CBAC6A2B}.Release|Any CPU.Build.0 = Release|Any CPU
		{543F25BC-1B1F-4546-BFA9-695B02AC19AE}.Debug|Any CPU.ActiveCfg = Debug|Any CPU
		{543F25BC-1B1F-4546-BFA9-695B02AC19AE}.Debug|Any CPU.Build.0 = Debug|Any CPU
		{543F25BC-1B1F-4546-BFA9-695B02AC19AE}.Release|Any CPU.ActiveCfg = Release|Any CPU
		{543F25BC-1B1F-4546-BFA9-695B02AC19AE}.Release|Any CPU.Build.0 = Release|Any CPU
	EndGlobalSection
	GlobalSection(SolutionProperties) = preSolution
		HideSolutionNode = FALSE
	EndGlobalSection
	GlobalSection(ExtensibilityGlobals) = postSolution
		SolutionGuid = {6AA60C8E-F91A-4A9C-80B6-F0A2A92A4B8E}
	EndGlobalSection
EndGlobal
